warrenliskegmai@ip-172-31-16-83:~/devops_terraform_project1$ terraform apply

Terraform used the selected providers to generate the following execution plan. Resource actions are indicated with the following symbols:
  + create

Terraform will perform the following actions:

  # aws_s3_bucket.b will be created
  + resource "aws_s3_bucket" "b" {
      + acceleration_status                  = (known after apply)
      + acl                                  = (known after apply)
      + arn                                  = (known after apply)
      + bucket                               = "caltechng-devops-warrenliske-terraform-project"
      + bucket_domain_name                   = (known after apply)
      + bucket_regional_domain_name          = (known after apply)
      + cors_rule                            = (known after apply)
      + force_destroy                        = false
      + grant                                = (known after apply)
      + hosted_zone_id                       = (known after apply)
      + id                                   = (known after apply)
      + lifecycle_rule                       = (known after apply)
      + logging                              = (known after apply)
      + policy                               = (known after apply)
      + region                               = (known after apply)
      + replication_configuration            = (known after apply)
      + request_payer                        = (known after apply)
      + server_side_encryption_configuration = (known after apply)
      + tags                                 = {
          + "Environment" = "Dev"
          + "Name"        = "My Terraform Project 1"
        }
      + tags_all                             = {
          + "Environment" = "Dev"
          + "Name"        = "My Terraform Project 1"
        }
      + versioning                           = (known after apply)
      + website                              = (known after apply)
      + website_domain                       = (known after apply)
      + website_endpoint                     = (known after apply)

      + object_lock_configuration {
          + object_lock_enabled = (known after apply)
          + rule                = (known after apply)
        }
    }

  # aws_s3_bucket_acl.example will be created
  + resource "aws_s3_bucket_acl" "example" {
      + acl    = "private"
      + bucket = (known after apply)
      + id     = (known after apply)

      + access_control_policy {
          + grant {
              + permission = (known after apply)

              + grantee {
                  + display_name  = (known after apply)
                  + email_address = (known after apply)
                  + id            = (known after apply)
                  + type          = (known after apply)
                  + uri           = (known after apply)
                }
            }

          + owner {
              + display_name = (known after apply)
              + id           = (known after apply)
            }
        }
    }

Plan: 2 to add, 0 to change, 0 to destroy.

Do you want to perform these actions?
  Terraform will perform the actions described above.
  Only 'yes' will be accepted to approve.

  Enter a value: yes

aws_s3_bucket.b: Creating...
aws_s3_bucket.b: Creation complete after 1s [id=caltechng-devops-warrenliske-terraform-project]
aws_s3_bucket_acl.example: Creating...
aws_s3_bucket_acl.example: Creation complete after 0s [id=caltechng-devops-warrenliske-terraform-project,private]

Apply complete! Resources: 2 added, 0 changed, 0 destroyed.

